// !$*UTF8*$!
{
	archiveVersion = 1;
	classes = {
	};
	objectVersion = 51;
	objects = {

/* Begin PBXBuildFile section */
		26B10380EF23B7081117309F /* Pods_topline.framework in Frameworks */ = {isa = PBXBuildFile; fileRef = 2733FF46690A0FB4C30B9496 /* Pods_topline.framework */; };
		C247C72625219AB000C3B6F3 /* LyricLine.swift in Sources */ = {isa = PBXBuildFile; fileRef = C247C72525219AB000C3B6F3 /* LyricLine.swift */; };
		C2AD3DBF25A114D1003BA528 /* SettingsViewController.swift in Sources */ = {isa = PBXBuildFile; fileRef = C2AD3DBE25A114D1003BA528 /* SettingsViewController.swift */; };
		C2B54F5A2520F006007BE142 /* NoteViewController.swift in Sources */ = {isa = PBXBuildFile; fileRef = C2B54F592520F006007BE142 /* NoteViewController.swift */; };
		C2B54F6525210A57007BE142 /* newNoteTableViewCell.swift in Sources */ = {isa = PBXBuildFile; fileRef = C2B54F6325210A57007BE142 /* newNoteTableViewCell.swift */; };
		C2B54F6625210A57007BE142 /* newNoteTableViewCell.xib in Resources */ = {isa = PBXBuildFile; fileRef = C2B54F6425210A57007BE142 /* newNoteTableViewCell.xib */; };
		C2B9D6582520E1A2002123F0 /* AppDelegate.swift in Sources */ = {isa = PBXBuildFile; fileRef = C2B9D6572520E1A2002123F0 /* AppDelegate.swift */; };
		C2B9D65A2520E1A2002123F0 /* SceneDelegate.swift in Sources */ = {isa = PBXBuildFile; fileRef = C2B9D6592520E1A2002123F0 /* SceneDelegate.swift */; };
		C2B9D65F2520E1A2002123F0 /* Main.storyboard in Resources */ = {isa = PBXBuildFile; fileRef = C2B9D65D2520E1A2002123F0 /* Main.storyboard */; };
		C2B9D6612520E1A4002123F0 /* Assets.xcassets in Resources */ = {isa = PBXBuildFile; fileRef = C2B9D6602520E1A4002123F0 /* Assets.xcassets */; };
		C2B9D6642520E1A4002123F0 /* LaunchScreen.storyboard in Resources */ = {isa = PBXBuildFile; fileRef = C2B9D6622520E1A4002123F0 /* LaunchScreen.storyboard */; };
		C2B9D6722520E30B002123F0 /* HomeViewController.swift in Sources */ = {isa = PBXBuildFile; fileRef = C2B9D6712520E30B002123F0 /* HomeViewController.swift */; };
		C2B9D6752520E7C1002123F0 /* Note.swift in Sources */ = {isa = PBXBuildFile; fileRef = C2B9D6742520E7C1002123F0 /* Note.swift */; };
		C2DA6A5525267D65008EBB1B /* Recording.swift in Sources */ = {isa = PBXBuildFile; fileRef = C2DA6A5425267D65008EBB1B /* Recording.swift */; };
/* End PBXBuildFile section */

/* Begin PBXFileReference section */
		035C997DDFFD12854ED199FB /* Pods-topline.release.xcconfig */ = {isa = PBXFileReference; includeInIndex = 1; lastKnownFileType = text.xcconfig; name = "Pods-topline.release.xcconfig"; path = "Target Support Files/Pods-topline/Pods-topline.release.xcconfig"; sourceTree = "<group>"; };
		2733FF46690A0FB4C30B9496 /* Pods_topline.framework */ = {isa = PBXFileReference; explicitFileType = wrapper.framework; includeInIndex = 0; path = Pods_topline.framework; sourceTree = BUILT_PRODUCTS_DIR; };
		7DCD74DCC1F27698A5292C91 /* Pods-topline.debug.xcconfig */ = {isa = PBXFileReference; includeInIndex = 1; lastKnownFileType = text.xcconfig; name = "Pods-topline.debug.xcconfig"; path = "Target Support Files/Pods-topline/Pods-topline.debug.xcconfig"; sourceTree = "<group>"; };
		C247C72525219AB000C3B6F3 /* LyricLine.swift */ = {isa = PBXFileReference; lastKnownFileType = sourcecode.swift; path = LyricLine.swift; sourceTree = "<group>"; };
		C24CF2A625B91B1C008775F9 /* topline.entitlements */ = {isa = PBXFileReference; lastKnownFileType = text.plist.entitlements; path = topline.entitlements; sourceTree = "<group>"; };
		C2AD3DBE25A114D1003BA528 /* SettingsViewController.swift */ = {isa = PBXFileReference; lastKnownFileType = sourcecode.swift; path = SettingsViewController.swift; sourceTree = "<group>"; };
		C2B54F592520F006007BE142 /* NoteViewController.swift */ = {isa = PBXFileReference; lastKnownFileType = sourcecode.swift; path = NoteViewController.swift; sourceTree = "<group>"; };
		C2B54F6325210A57007BE142 /* newNoteTableViewCell.swift */ = {isa = PBXFileReference; lastKnownFileType = sourcecode.swift; path = newNoteTableViewCell.swift; sourceTree = "<group>"; };
		C2B54F6425210A57007BE142 /* newNoteTableViewCell.xib */ = {isa = PBXFileReference; lastKnownFileType = file.xib; path = newNoteTableViewCell.xib; sourceTree = "<group>"; };
		C2B9D6542520E1A2002123F0 /* topline.app */ = {isa = PBXFileReference; explicitFileType = wrapper.application; includeInIndex = 0; path = topline.app; sourceTree = BUILT_PRODUCTS_DIR; };
		C2B9D6572520E1A2002123F0 /* AppDelegate.swift */ = {isa = PBXFileReference; lastKnownFileType = sourcecode.swift; path = AppDelegate.swift; sourceTree = "<group>"; };
		C2B9D6592520E1A2002123F0 /* SceneDelegate.swift */ = {isa = PBXFileReference; lastKnownFileType = sourcecode.swift; path = SceneDelegate.swift; sourceTree = "<group>"; };
		C2B9D65E2520E1A2002123F0 /* Base */ = {isa = PBXFileReference; lastKnownFileType = file.storyboard; name = Base; path = Base.lproj/Main.storyboard; sourceTree = "<group>"; };
		C2B9D6602520E1A4002123F0 /* Assets.xcassets */ = {isa = PBXFileReference; lastKnownFileType = folder.assetcatalog; path = Assets.xcassets; sourceTree = "<group>"; };
		C2B9D6632520E1A4002123F0 /* Base */ = {isa = PBXFileReference; lastKnownFileType = file.storyboard; name = Base; path = Base.lproj/LaunchScreen.storyboard; sourceTree = "<group>"; };
		C2B9D6652520E1A4002123F0 /* Info.plist */ = {isa = PBXFileReference; lastKnownFileType = text.plist.xml; path = Info.plist; sourceTree = "<group>"; };
		C2B9D6712520E30B002123F0 /* HomeViewController.swift */ = {isa = PBXFileReference; lastKnownFileType = sourcecode.swift; path = HomeViewController.swift; sourceTree = "<group>"; };
		C2B9D6742520E7C1002123F0 /* Note.swift */ = {isa = PBXFileReference; lastKnownFileType = sourcecode.swift; path = Note.swift; sourceTree = "<group>"; };
		C2DA6A5425267D65008EBB1B /* Recording.swift */ = {isa = PBXFileReference; lastKnownFileType = sourcecode.swift; path = Recording.swift; sourceTree = "<group>"; };
/* End PBXFileReference section */

/* Begin PBXFrameworksBuildPhase section */
		C2B9D6512520E1A2002123F0 /* Frameworks */ = {
			isa = PBXFrameworksBuildPhase;
			buildActionMask = 2147483647;
			files = (
				26B10380EF23B7081117309F /* Pods_topline.framework in Frameworks */,
			);
			runOnlyForDeploymentPostprocessing = 0;
		};
/* End PBXFrameworksBuildPhase section */

/* Begin PBXGroup section */
		9E9C1C2387D5B3CD6679231B /* Frameworks */ = {
			isa = PBXGroup;
			children = (
				2733FF46690A0FB4C30B9496 /* Pods_topline.framework */,
			);
			name = Frameworks;
			sourceTree = "<group>";
		};
		A4765820F70BC5C4B4745990 /* Pods */ = {
			isa = PBXGroup;
			children = (
				7DCD74DCC1F27698A5292C91 /* Pods-topline.debug.xcconfig */,
				035C997DDFFD12854ED199FB /* Pods-topline.release.xcconfig */,
			);
			path = Pods;
			sourceTree = "<group>";
		};
		C2B9D64B2520E1A2002123F0 = {
			isa = PBXGroup;
			children = (
				C2B9D6562520E1A2002123F0 /* topline */,
				C2B9D6552520E1A2002123F0 /* Products */,
				A4765820F70BC5C4B4745990 /* Pods */,
				9E9C1C2387D5B3CD6679231B /* Frameworks */,
			);
			sourceTree = "<group>";
		};
		C2B9D6552520E1A2002123F0 /* Products */ = {
			isa = PBXGroup;
			children = (
				C2B9D6542520E1A2002123F0 /* topline.app */,
			);
			name = Products;
			sourceTree = "<group>";
		};
		C2B9D6562520E1A2002123F0 /* topline */ = {
			isa = PBXGroup;
			children = (
				C24CF2A625B91B1C008775F9 /* topline.entitlements */,
				C2B9D66E2520E1D2002123F0 /* Model */,
				C2B9D66D2520E1CD002123F0 /* View */,
				C2B9D66C2520E1C7002123F0 /* Controller */,
				C2B9D6572520E1A2002123F0 /* AppDelegate.swift */,
				C2B9D6592520E1A2002123F0 /* SceneDelegate.swift */,
				C2B9D6602520E1A4002123F0 /* Assets.xcassets */,
				C2B9D6622520E1A4002123F0 /* LaunchScreen.storyboard */,
				C2B9D6652520E1A4002123F0 /* Info.plist */,
			);
			path = topline;
			sourceTree = "<group>";
		};
		C2B9D66C2520E1C7002123F0 /* Controller */ = {
			isa = PBXGroup;
			children = (
				C2B9D6712520E30B002123F0 /* HomeViewController.swift */,
				C2B54F592520F006007BE142 /* NoteViewController.swift */,
				C2AD3DBE25A114D1003BA528 /* SettingsViewController.swift */,
			);
			path = Controller;
			sourceTree = "<group>";
		};
		C2B9D66D2520E1CD002123F0 /* View */ = {
			isa = PBXGroup;
			children = (
				C2B9D65D2520E1A2002123F0 /* Main.storyboard */,
				C2B54F6325210A57007BE142 /* newNoteTableViewCell.swift */,
				C2B54F6425210A57007BE142 /* newNoteTableViewCell.xib */,
			);
			path = View;
			sourceTree = "<group>";
		};
		C2B9D66E2520E1D2002123F0 /* Model */ = {
			isa = PBXGroup;
			children = (
				C2B9D6742520E7C1002123F0 /* Note.swift */,
				C247C72525219AB000C3B6F3 /* LyricLine.swift */,
				C2DA6A5425267D65008EBB1B /* Recording.swift */,
			);
			path = Model;
			sourceTree = "<group>";
		};
/* End PBXGroup section */

/* Begin PBXNativeTarget section */
		C2B9D6532520E1A2002123F0 /* topline */ = {
			isa = PBXNativeTarget;
			buildConfigurationList = C2B9D6682520E1A4002123F0 /* Build configuration list for PBXNativeTarget "topline" */;
			buildPhases = (
				6BC477CE31CE985C274EB8A9 /* [CP] Check Pods Manifest.lock */,
				C2B9D6502520E1A2002123F0 /* Sources */,
				C2B9D6512520E1A2002123F0 /* Frameworks */,
				C2B9D6522520E1A2002123F0 /* Resources */,
				30E0BD44AD88849003B9682D /* [CP] Embed Pods Frameworks */,
			);
			buildRules = (
			);
			dependencies = (
			);
			name = topline;
			packageProductDependencies = (
			);
			productName = topline;
			productReference = C2B9D6542520E1A2002123F0 /* topline.app */;
			productType = "com.apple.product-type.application";
		};
/* End PBXNativeTarget section */

/* Begin PBXProject section */
		C2B9D64C2520E1A2002123F0 /* Project object */ = {
			isa = PBXProject;
			attributes = {
				LastSwiftUpdateCheck = 1200;
				LastUpgradeCheck = 1200;
				TargetAttributes = {
					C2B9D6532520E1A2002123F0 = {
						CreatedOnToolsVersion = 12.0;
					};
				};
			};
			buildConfigurationList = C2B9D64F2520E1A2002123F0 /* Build configuration list for PBXProject "topline" */;
			compatibilityVersion = "Xcode 9.3";
			developmentRegion = en;
			hasScannedForEncodings = 0;
			knownRegions = (
				en,
				Base,
			);
			mainGroup = C2B9D64B2520E1A2002123F0;
			packageReferences = (
			);
			productRefGroup = C2B9D6552520E1A2002123F0 /* Products */;
			projectDirPath = "";
			projectRoot = "";
			targets = (
				C2B9D6532520E1A2002123F0 /* topline */,
			);
		};
/* End PBXProject section */

/* Begin PBXResourcesBuildPhase section */
		C2B9D6522520E1A2002123F0 /* Resources */ = {
			isa = PBXResourcesBuildPhase;
			buildActionMask = 2147483647;
			files = (
				C2B54F6625210A57007BE142 /* newNoteTableViewCell.xib in Resources */,
				C2B9D6642520E1A4002123F0 /* LaunchScreen.storyboard in Resources */,
				C2B9D6612520E1A4002123F0 /* Assets.xcassets in Resources */,
				C2B9D65F2520E1A2002123F0 /* Main.storyboard in Resources */,
			);
			runOnlyForDeploymentPostprocessing = 0;
		};
/* End PBXResourcesBuildPhase section */

/* Begin PBXShellScriptBuildPhase section */
		30E0BD44AD88849003B9682D /* [CP] Embed Pods Frameworks */ = {
			isa = PBXShellScriptBuildPhase;
			buildActionMask = 2147483647;
			files = (
			);
			inputFileListPaths = (
				"${PODS_ROOT}/Target Support Files/Pods-topline/Pods-topline-frameworks-${CONFIGURATION}-input-files.xcfilelist",
			);
			name = "[CP] Embed Pods Frameworks";
			outputFileListPaths = (
				"${PODS_ROOT}/Target Support Files/Pods-topline/Pods-topline-frameworks-${CONFIGURATION}-output-files.xcfilelist",
			);
			runOnlyForDeploymentPostprocessing = 0;
			shellPath = /bin/sh;
			shellScript = "\"${PODS_ROOT}/Target Support Files/Pods-topline/Pods-topline-frameworks.sh\"\n";
			showEnvVarsInLog = 0;
		};
		6BC477CE31CE985C274EB8A9 /* [CP] Check Pods Manifest.lock */ = {
			isa = PBXShellScriptBuildPhase;
			buildActionMask = 2147483647;
			files = (
			);
			inputFileListPaths = (
			);
			inputPaths = (
				"${PODS_PODFILE_DIR_PATH}/Podfile.lock",
				"${PODS_ROOT}/Manifest.lock",
			);
			name = "[CP] Check Pods Manifest.lock";
			outputFileListPaths = (
			);
			outputPaths = (
				"$(DERIVED_FILE_DIR)/Pods-topline-checkManifestLockResult.txt",
			);
			runOnlyForDeploymentPostprocessing = 0;
			shellPath = /bin/sh;
			shellScript = "diff \"${PODS_PODFILE_DIR_PATH}/Podfile.lock\" \"${PODS_ROOT}/Manifest.lock\" > /dev/null\nif [ $? != 0 ] ; then\n    # print error to STDERR\n    echo \"error: The sandbox is not in sync with the Podfile.lock. Run 'pod install' or update your CocoaPods installation.\" >&2\n    exit 1\nfi\n# This output is used by Xcode 'outputs' to avoid re-running this script phase.\necho \"SUCCESS\" > \"${SCRIPT_OUTPUT_FILE_0}\"\n";
			showEnvVarsInLog = 0;
		};
/* End PBXShellScriptBuildPhase section */

/* Begin PBXSourcesBuildPhase section */
		C2B9D6502520E1A2002123F0 /* Sources */ = {
			isa = PBXSourcesBuildPhase;
			buildActionMask = 2147483647;
			files = (
				C2B9D6582520E1A2002123F0 /* AppDelegate.swift in Sources */,
				C2B9D65A2520E1A2002123F0 /* SceneDelegate.swift in Sources */,
				C2B9D6722520E30B002123F0 /* HomeViewController.swift in Sources */,
				C2DA6A5525267D65008EBB1B /* Recording.swift in Sources */,
				C2B54F5A2520F006007BE142 /* NoteViewController.swift in Sources */,
				C247C72625219AB000C3B6F3 /* LyricLine.swift in Sources */,
				C2B54F6525210A57007BE142 /* newNoteTableViewCell.swift in Sources */,
				C2B9D6752520E7C1002123F0 /* Note.swift in Sources */,
				C2AD3DBF25A114D1003BA528 /* SettingsViewController.swift in Sources */,
			);
			runOnlyForDeploymentPostprocessing = 0;
		};
/* End PBXSourcesBuildPhase section */

/* Begin PBXVariantGroup section */
		C2B9D65D2520E1A2002123F0 /* Main.storyboard */ = {
			isa = PBXVariantGroup;
			children = (
				C2B9D65E2520E1A2002123F0 /* Base */,
			);
			name = Main.storyboard;
			sourceTree = "<group>";
		};
		C2B9D6622520E1A4002123F0 /* LaunchScreen.storyboard */ = {
			isa = PBXVariantGroup;
			children = (
				C2B9D6632520E1A4002123F0 /* Base */,
			);
			name = LaunchScreen.storyboard;
			sourceTree = "<group>";
		};
/* End PBXVariantGroup section */

/* Begin XCBuildConfiguration section */
		C2B9D6662520E1A4002123F0 /* Debug */ = {
			isa = XCBuildConfiguration;
			buildSettings = {
				ALWAYS_SEARCH_USER_PATHS = NO;
				CLANG_ANALYZER_NONNULL = YES;
				CLANG_ANALYZER_NUMBER_OBJECT_CONVERSION = YES_AGGRESSIVE;
				CLANG_CXX_LANGUAGE_STANDARD = "gnu++14";
				CLANG_CXX_LIBRARY = "libc++";
				CLANG_ENABLE_MODULES = YES;
				CLANG_ENABLE_OBJC_ARC = YES;
				CLANG_ENABLE_OBJC_WEAK = YES;
				CLANG_WARN_BLOCK_CAPTURE_AUTORELEASING = YES;
				CLANG_WARN_BOOL_CONVERSION = YES;
				CLANG_WARN_COMMA = YES;
				CLANG_WARN_CONSTANT_CONVERSION = YES;
				CLANG_WARN_DEPRECATED_OBJC_IMPLEMENTATIONS = YES;
				CLANG_WARN_DIRECT_OBJC_ISA_USAGE = YES_ERROR;
				CLANG_WARN_DOCUMENTATION_COMMENTS = YES;
				CLANG_WARN_EMPTY_BODY = YES;
				CLANG_WARN_ENUM_CONVERSION = YES;
				CLANG_WARN_INFINITE_RECURSION = YES;
				CLANG_WARN_INT_CONVERSION = YES;
				CLANG_WARN_NON_LITERAL_NULL_CONVERSION = YES;
				CLANG_WARN_OBJC_IMPLICIT_RETAIN_SELF = YES;
				CLANG_WARN_OBJC_LITERAL_CONVERSION = YES;
				CLANG_WARN_OBJC_ROOT_CLASS = YES_ERROR;
				CLANG_WARN_QUOTED_INCLUDE_IN_FRAMEWORK_HEADER = YES;
				CLANG_WARN_RANGE_LOOP_ANALYSIS = YES;
				CLANG_WARN_STRICT_PROTOTYPES = YES;
				CLANG_WARN_SUSPICIOUS_MOVE = YES;
				CLANG_WARN_UNGUARDED_AVAILABILITY = YES_AGGRESSIVE;
				CLANG_WARN_UNREACHABLE_CODE = YES;
				CLANG_WARN__DUPLICATE_METHOD_MATCH = YES;
				COPY_PHASE_STRIP = NO;
				DEBUG_INFORMATION_FORMAT = dwarf;
				ENABLE_STRICT_OBJC_MSGSEND = YES;
				ENABLE_TESTABILITY = YES;
				GCC_C_LANGUAGE_STANDARD = gnu11;
				GCC_DYNAMIC_NO_PIC = NO;
				GCC_NO_COMMON_BLOCKS = YES;
				GCC_OPTIMIZATION_LEVEL = 0;
				GCC_PREPROCESSOR_DEFINITIONS = (
					"DEBUG=1",
					"$(inherited)",
				);
				GCC_WARN_64_TO_32_BIT_CONVERSION = YES;
				GCC_WARN_ABOUT_RETURN_TYPE = YES_ERROR;
				GCC_WARN_UNDECLARED_SELECTOR = YES;
				GCC_WARN_UNINITIALIZED_AUTOS = YES_AGGRESSIVE;
				GCC_WARN_UNUSED_FUNCTION = YES;
				GCC_WARN_UNUSED_VARIABLE = YES;
				IPHONEOS_DEPLOYMENT_TARGET = 13.0;
				MTL_ENABLE_DEBUG_INFO = INCLUDE_SOURCE;
				MTL_FAST_MATH = YES;
				ONLY_ACTIVE_ARCH = YES;
				SDKROOT = iphoneos;
				SWIFT_ACTIVE_COMPILATION_CONDITIONS = DEBUG;
				SWIFT_OPTIMIZATION_LEVEL = "-Onone";
			};
			name = Debug;
		};
		C2B9D6672520E1A4002123F0 /* Release */ = {
			isa = XCBuildConfiguration;
			buildSettings = {
				ALWAYS_SEARCH_USER_PATHS = NO;
				CLANG_ANALYZER_NONNULL = YES;
				CLANG_ANALYZER_NUMBER_OBJECT_CONVERSION = YES_AGGRESSIVE;
				CLANG_CXX_LANGUAGE_STANDARD = "gnu++14";
				CLANG_CXX_LIBRARY = "libc++";
				CLANG_ENABLE_MODULES = YES;
				CLANG_ENABLE_OBJC_ARC = YES;
				CLANG_ENABLE_OBJC_WEAK = YES;
				CLANG_WARN_BLOCK_CAPTURE_AUTORELEASING = YES;
				CLANG_WARN_BOOL_CONVERSION = YES;
				CLANG_WARN_COMMA = YES;
				CLANG_WARN_CONSTANT_CONVERSION = YES;
				CLANG_WARN_DEPRECATED_OBJC_IMPLEMENTATIONS = YES;
				CLANG_WARN_DIRECT_OBJC_ISA_USAGE = YES_ERROR;
				CLANG_WARN_DOCUMENTATION_COMMENTS = YES;
				CLANG_WARN_EMPTY_BODY = YES;
				CLANG_WARN_ENUM_CONVERSION = YES;
				CLANG_WARN_INFINITE_RECURSION = YES;
				CLANG_WARN_INT_CONVERSION = YES;
				CLANG_WARN_NON_LITERAL_NULL_CONVERSION = YES;
				CLANG_WARN_OBJC_IMPLICIT_RETAIN_SELF = YES;
				CLANG_WARN_OBJC_LITERAL_CONVERSION = YES;
				CLANG_WARN_OBJC_ROOT_CLASS = YES_ERROR;
				CLANG_WARN_QUOTED_INCLUDE_IN_FRAMEWORK_HEADER = YES;
				CLANG_WARN_RANGE_LOOP_ANALYSIS = YES;
				CLANG_WARN_STRICT_PROTOTYPES = YES;
				CLANG_WARN_SUSPICIOUS_MOVE = YES;
				CLANG_WARN_UNGUARDED_AVAILABILITY = YES_AGGRESSIVE;
				CLANG_WARN_UNREACHABLE_CODE = YES;
				CLANG_WARN__DUPLICATE_METHOD_MATCH = YES;
				COPY_PHASE_STRIP = NO;
				DEBUG_INFORMATION_FORMAT = "dwarf-with-dsym";
				ENABLE_NS_ASSERTIONS = NO;
				ENABLE_STRICT_OBJC_MSGSEND = YES;
				GCC_C_LANGUAGE_STANDARD = gnu11;
				GCC_NO_COMMON_BLOCKS = YES;
				GCC_WARN_64_TO_32_BIT_CONVERSION = YES;
				GCC_WARN_ABOUT_RETURN_TYPE = YES_ERROR;
				GCC_WARN_UNDECLARED_SELECTOR = YES;
				GCC_WARN_UNINITIALIZED_AUTOS = YES_AGGRESSIVE;
				GCC_WARN_UNUSED_FUNCTION = YES;
				GCC_WARN_UNUSED_VARIABLE = YES;
				IPHONEOS_DEPLOYMENT_TARGET = 13.0;
				MTL_ENABLE_DEBUG_INFO = NO;
				MTL_FAST_MATH = YES;
				SDKROOT = iphoneos;
				SWIFT_COMPILATION_MODE = wholemodule;
				SWIFT_OPTIMIZATION_LEVEL = "-O";
				VALIDATE_PRODUCT = YES;
			};
			name = Release;
		};
		C2B9D6692520E1A4002123F0 /* Debug */ = {
			isa = XCBuildConfiguration;
			baseConfigurationReference = 7DCD74DCC1F27698A5292C91 /* Pods-topline.debug.xcconfig */;
			buildSettings = {
				ASSETCATALOG_COMPILER_APPICON_NAME = AppIcon;
				ASSETCATALOG_COMPILER_GLOBAL_ACCENT_COLOR_NAME = AccentColor;
				CODE_SIGN_ENTITLEMENTS = topline/topline.entitlements;
				CODE_SIGN_STYLE = Automatic;
				CURRENT_PROJECT_VERSION = 1.3;
				DEVELOPMENT_TEAM = DT454V4AJ9;
				INFOPLIST_FILE = topline/Info.plist;
				LD_RUNPATH_SEARCH_PATHS = (
					"$(inherited)",
					"@executable_path/Frameworks",
				);
				MARKETING_VERSION = 1.3;
				PRODUCT_BUNDLE_IDENTIFIER = net.michaelthedeveloper.lyrics;
				PRODUCT_NAME = "$(TARGET_NAME)";
				SUPPORTS_MACCATALYST = NO;
				SWIFT_VERSION = 5.0;
				TARGETED_DEVICE_FAMILY = "1,2";
			};
			name = Debug;
		};
		C2B9D66A2520E1A4002123F0 /* Release */ = {
			isa = XCBuildConfiguration;
			baseConfigurationReference = 035C997DDFFD12854ED199FB /* Pods-topline.release.xcconfig */;
			buildSettings = {
				ASSETCATALOG_COMPILER_APPICON_NAME = AppIcon;
				ASSETCATALOG_COMPILER_GLOBAL_ACCENT_COLOR_NAME = AccentColor;
				CODE_SIGN_ENTITLEMENTS = topline/topline.entitlements;
				CODE_SIGN_STYLE = Automatic;
				CURRENT_PROJECT_VERSION = 1.3;
				DEVELOPMENT_TEAM = DT454V4AJ9;
				INFOPLIST_FILE = topline/Info.plist;
				LD_RUNPATH_SEARCH_PATHS = (
					"$(inherited)",
					"@executable_path/Frameworks",
				);
				MARKETING_VERSION = 1.3;
				PRODUCT_BUNDLE_IDENTIFIER = net.michaelthedeveloper.lyrics;
				PRODUCT_NAME = "$(TARGET_NAME)";
				SUPPORTS_MACCATALYST = NO;
				SWIFT_VERSION = 5.0;
				TARGETED_DEVICE_FAMILY = "1,2";
			};
			name = Release;
		};
/* End XCBuildConfiguration section */

/* Begin XCConfigurationList section */
		C2B9D64F2520E1A2002123F0 /* Build configuration list for PBXProject "topline" */ = {
			isa = XCConfigurationList;
			buildConfigurations = (
				C2B9D6662520E1A4002123F0 /* Debug */,
				C2B9D6672520E1A4002123F0 /* Release */,
			);
			defaultConfigurationIsVisible = 0;
			defaultConfigurationName = Release;
		};
		C2B9D6682520E1A4002123F0 /* Build configuration list for PBXNativeTarget "topline" */ = {
			isa = XCConfigurationList;
			buildConfigurations = (
				C2B9D6692520E1A4002123F0 /* Debug */,
				C2B9D66A2520E1A4002123F0 /* Release */,
			);
			defaultConfigurationIsVisible = 0;
			defaultConfigurationName = Release;
		};
/* End XCConfigurationList section */
	};
	rootObject = C2B9D64C2520E1A2002123F0 /* Project object */;
}
